
Microsoft Visual Studio Solution File, Format Version 12.00
# Visual Studio Version 17
VisualStudioVersion = 17.3.32901.215
MinimumVisualStudioVersion = 10.0.40219.1
Project("{FAE04EC0-301F-11D3-BF4B-00C04F79EFBC}") = "httpClient", "httpClient\httpClient.csproj", "{2BA167D6-4E12-42AB-9353-D62CCBADA79F}"
EndProject
Global
	GlobalSection(SolutionConfigurationPlatforms) = preSolution
		Debug|Any CPU = Debug|Any CPU
		Release|Any CPU = Release|Any CPU
	EndGlobalSection
	GlobalSection(ProjectConfigurationPlatforms) = postSolution
		{2BA167D6-4E12-42AB-9353-D62CCBADA79F}.Debug|Any CPU.ActiveCfg = Debug|Any CPU
		{2BA167D6-4E12-42AB-9353-D62CCBADA79F}.Debug|Any CPU.Build.0 = Debug|Any CPU
		{2BA167D6-4E12-42AB-9353-D62CCBADA79F}.Release|Any CPU.ActiveCfg = Release|Any CPU
		{2BA167D6-4E12-42AB-9353-D62CCBADA79F}.Release|Any CPU.Build.0 = Release|Any CPU
	EndGlobalSection
	GlobalSection(SolutionProperties) = preSolution
		HideSolutionNode = FALSE
	EndGlobalSection
	GlobalSection(ExtensibilityGlobals) = postSolution
		SolutionGuid = {F94A3624-6521-4A5A-A6FB-580C3E0E9AE0}
	EndGlobalSection
EndGlobal
